
Microsoft Visual Studio Solution File, Format Version 12.00
# Visual Studio 15
VisualStudioVersion = 15.0.26124.0
MinimumVisualStudioVersion = 15.0.26124.0
Project("{2150E333-8FDC-42A3-9474-1A3956D46DE8}") = "src", "src", "{DBDFDDC4-0DBC-44FB-8D97-57F0B935E84D}"
EndProject
Project("{FAE04EC0-301F-11D3-BF4B-00C04F79EFBC}") = "Boardgames.ConsoleApp", "src\app\Boardgames.ConsoleApp.csproj", "{8D2CB41E-86B0-4984-963E-E9A0FEB6ADC5}"
EndProject
Project("{2150E333-8FDC-42A3-9474-1A3956D46DE8}") = "Test", "Test", "{CD608468-5AB2-4C8F-B9E6-7C5211564095}"
EndProject
Project("{FAE04EC0-301F-11D3-BF4B-00C04F79EFBC}") = "Boardgames.Test", "src\Test\Boardgames.Test\Boardgames.Test.csproj", "{9B3F13B0-EF32-4B9B-A5B1-4D7E1D8AA802}"
EndProject
Global
	GlobalSection(SolutionConfigurationPlatforms) = preSolution
		Debug|Any CPU = Debug|Any CPU
		Debug|x64 = Debug|x64
		Debug|x86 = Debug|x86
		Release|Any CPU = Release|Any CPU
		Release|x64 = Release|x64
		Release|x86 = Release|x86
	EndGlobalSection
	GlobalSection(SolutionProperties) = preSolution
		HideSolutionNode = FALSE
	EndGlobalSection
	GlobalSection(ProjectConfigurationPlatforms) = postSolution
		{8D2CB41E-86B0-4984-963E-E9A0FEB6ADC5}.Debug|Any CPU.ActiveCfg = Debug|Any CPU
		{8D2CB41E-86B0-4984-963E-E9A0FEB6ADC5}.Debug|Any CPU.Build.0 = Debug|Any CPU
		{8D2CB41E-86B0-4984-963E-E9A0FEB6ADC5}.Debug|x64.ActiveCfg = Debug|Any CPU
		{8D2CB41E-86B0-4984-963E-E9A0FEB6ADC5}.Debug|x64.Build.0 = Debug|Any CPU
		{8D2CB41E-86B0-4984-963E-E9A0FEB6ADC5}.Debug|x86.ActiveCfg = Debug|Any CPU
		{8D2CB41E-86B0-4984-963E-E9A0FEB6ADC5}.Debug|x86.Build.0 = Debug|Any CPU
		{8D2CB41E-86B0-4984-963E-E9A0FEB6ADC5}.Release|Any CPU.ActiveCfg = Release|Any CPU
		{8D2CB41E-86B0-4984-963E-E9A0FEB6ADC5}.Release|Any CPU.Build.0 = Release|Any CPU
		{8D2CB41E-86B0-4984-963E-E9A0FEB6ADC5}.Release|x64.ActiveCfg = Release|Any CPU
		{8D2CB41E-86B0-4984-963E-E9A0FEB6ADC5}.Release|x64.Build.0 = Release|Any CPU
		{8D2CB41E-86B0-4984-963E-E9A0FEB6ADC5}.Release|x86.ActiveCfg = Release|Any CPU
		{8D2CB41E-86B0-4984-963E-E9A0FEB6ADC5}.Release|x86.Build.0 = Release|Any CPU
		{9B3F13B0-EF32-4B9B-A5B1-4D7E1D8AA802}.Debug|Any CPU.ActiveCfg = Debug|Any CPU
		{9B3F13B0-EF32-4B9B-A5B1-4D7E1D8AA802}.Debug|Any CPU.Build.0 = Debug|Any CPU
		{9B3F13B0-EF32-4B9B-A5B1-4D7E1D8AA802}.Debug|x64.ActiveCfg = Debug|Any CPU
		{9B3F13B0-EF32-4B9B-A5B1-4D7E1D8AA802}.Debug|x64.Build.0 = Debug|Any CPU
		{9B3F13B0-EF32-4B9B-A5B1-4D7E1D8AA802}.Debug|x86.ActiveCfg = Debug|Any CPU
		{9B3F13B0-EF32-4B9B-A5B1-4D7E1D8AA802}.Debug|x86.Build.0 = Debug|Any CPU
		{9B3F13B0-EF32-4B9B-A5B1-4D7E1D8AA802}.Release|Any CPU.ActiveCfg = Release|Any CPU
		{9B3F13B0-EF32-4B9B-A5B1-4D7E1D8AA802}.Release|Any CPU.Build.0 = Release|Any CPU
		{9B3F13B0-EF32-4B9B-A5B1-4D7E1D8AA802}.Release|x64.ActiveCfg = Release|Any CPU
		{9B3F13B0-EF32-4B9B-A5B1-4D7E1D8AA802}.Release|x64.Build.0 = Release|Any CPU
		{9B3F13B0-EF32-4B9B-A5B1-4D7E1D8AA802}.Release|x86.ActiveCfg = Release|Any CPU
		{9B3F13B0-EF32-4B9B-A5B1-4D7E1D8AA802}.Release|x86.Build.0 = Release|Any CPU
	EndGlobalSection
	GlobalSection(NestedProjects) = preSolution
		{8D2CB41E-86B0-4984-963E-E9A0FEB6ADC5} = {DBDFDDC4-0DBC-44FB-8D97-57F0B935E84D}
		{CD608468-5AB2-4C8F-B9E6-7C5211564095} = {DBDFDDC4-0DBC-44FB-8D97-57F0B935E84D}
		{9B3F13B0-EF32-4B9B-A5B1-4D7E1D8AA802} = {CD608468-5AB2-4C8F-B9E6-7C5211564095}
	EndGlobalSection
EndGlobal
